// !$*UTF8*$!
{
	archiveVersion = 1;
	classes = {
	};
	objectVersion = 50;
	objects = {

/* Begin PBXBuildFile section */
		0F82CC006E950603AEC8B5E8 /* Pods_DexterUITests.framework in Frameworks */ = {isa = PBXBuildFile; fileRef = E1A59BC07A275DF0202C1A9F /* Pods_DexterUITests.framework */; };
		101047EF2404A13500B24A15 /* MainViewController.swift in Sources */ = {isa = PBXBuildFile; fileRef = 101047EE2404A13500B24A15 /* MainViewController.swift */; };
		101047F12404A78900B24A15 /* ImageExtensions.swift in Sources */ = {isa = PBXBuildFile; fileRef = 101047F02404A78900B24A15 /* ImageExtensions.swift */; };
		101047F32404A93E00B24A15 /* Constants.swift in Sources */ = {isa = PBXBuildFile; fileRef = 101047F22404A93E00B24A15 /* Constants.swift */; };
		101047F62404AA2B00B24A15 /* Colors.swift in Sources */ = {isa = PBXBuildFile; fileRef = 101047F52404AA2B00B24A15 /* Colors.swift */; };
		101047F82404AC0500B24A15 /* MainViewController+Layout.swift in Sources */ = {isa = PBXBuildFile; fileRef = 101047F72404AC0500B24A15 /* MainViewController+Layout.swift */; };
		101047FA2404AC8400B24A15 /* MainViewController+View.swift in Sources */ = {isa = PBXBuildFile; fileRef = 101047F92404AC8400B24A15 /* MainViewController+View.swift */; };
		101047FC2404ADA300B24A15 /* PokemonViewCell.swift in Sources */ = {isa = PBXBuildFile; fileRef = 101047FB2404ADA300B24A15 /* PokemonViewCell.swift */; };
		101047FE2404B75800B24A15 /* Localizable.strings in Resources */ = {isa = PBXBuildFile; fileRef = 101047FD2404B75800B24A15 /* Localizable.strings */; };
		107ED14023D003BA006D5615 /* AppDelegate.swift in Sources */ = {isa = PBXBuildFile; fileRef = 107ED13F23D003BA006D5615 /* AppDelegate.swift */; };
		107ED14623D003BC006D5615 /* Assets.xcassets in Resources */ = {isa = PBXBuildFile; fileRef = 107ED14523D003BC006D5615 /* Assets.xcassets */; };
		107ED15723D003BD006D5615 /* DexterTests.swift in Sources */ = {isa = PBXBuildFile; fileRef = 107ED15623D003BD006D5615 /* DexterTests.swift */; };
		107ED16223D003BD006D5615 /* DexterUITests.swift in Sources */ = {isa = PBXBuildFile; fileRef = 107ED16123D003BD006D5615 /* DexterUITests.swift */; };
		107ED17423D00652006D5615 /* DexterShared.framework in Frameworks */ = {isa = PBXBuildFile; fileRef = 107ED17023D00576006D5615 /* DexterShared.framework */; };
		107ED17523D00652006D5615 /* DexterShared.framework in Embed Frameworks */ = {isa = PBXBuildFile; fileRef = 107ED17023D00576006D5615 /* DexterShared.framework */; settings = {ATTRIBUTES = (CodeSignOnCopy, RemoveHeadersOnCopy, ); }; };
		902B45BA2A1C7959DA5BA834 /* Pods_DexterTests.framework in Frameworks */ = {isa = PBXBuildFile; fileRef = D4FBB7833909ECB19C47A950 /* Pods_DexterTests.framework */; };
		BFB1E625BC94C0FA7DE87056 /* Pods_Dexter.framework in Frameworks */ = {isa = PBXBuildFile; fileRef = 3A85894CDF79A0153351C213 /* Pods_Dexter.framework */; };
/* End PBXBuildFile section */

/* Begin PBXContainerItemProxy section */
		107ED15323D003BD006D5615 /* PBXContainerItemProxy */ = {
			isa = PBXContainerItemProxy;
			containerPortal = 107ED13423D003BA006D5615 /* Project object */;
			proxyType = 1;
			remoteGlobalIDString = 107ED13B23D003BA006D5615;
			remoteInfo = Dexter;
		};
		107ED15E23D003BD006D5615 /* PBXContainerItemProxy */ = {
			isa = PBXContainerItemProxy;
			containerPortal = 107ED13423D003BA006D5615 /* Project object */;
			proxyType = 1;
			remoteGlobalIDString = 107ED13B23D003BA006D5615;
			remoteInfo = Dexter;
		};
/* End PBXContainerItemProxy section */

/* Begin PBXCopyFilesBuildPhase section */
		107ED17623D00652006D5615 /* Embed Frameworks */ = {
			isa = PBXCopyFilesBuildPhase;
			buildActionMask = 2147483647;
			dstPath = "";
			dstSubfolderSpec = 10;
			files = (
				107ED17523D00652006D5615 /* DexterShared.framework in Embed Frameworks */,
			);
			name = "Embed Frameworks";
			runOnlyForDeploymentPostprocessing = 0;
		};
/* End PBXCopyFilesBuildPhase section */

/* Begin PBXFileReference section */
		101047EE2404A13500B24A15 /* MainViewController.swift */ = {isa = PBXFileReference; lastKnownFileType = sourcecode.swift; path = MainViewController.swift; sourceTree = "<group>"; };
		101047F02404A78900B24A15 /* ImageExtensions.swift */ = {isa = PBXFileReference; lastKnownFileType = sourcecode.swift; path = ImageExtensions.swift; sourceTree = "<group>"; };
		101047F22404A93E00B24A15 /* Constants.swift */ = {isa = PBXFileReference; lastKnownFileType = sourcecode.swift; path = Constants.swift; sourceTree = "<group>"; };
		101047F52404AA2B00B24A15 /* Colors.swift */ = {isa = PBXFileReference; lastKnownFileType = sourcecode.swift; path = Colors.swift; sourceTree = "<group>"; };
		101047F72404AC0500B24A15 /* MainViewController+Layout.swift */ = {isa = PBXFileReference; lastKnownFileType = sourcecode.swift; path = "MainViewController+Layout.swift"; sourceTree = "<group>"; };
		101047F92404AC8400B24A15 /* MainViewController+View.swift */ = {isa = PBXFileReference; lastKnownFileType = sourcecode.swift; path = "MainViewController+View.swift"; sourceTree = "<group>"; };
		101047FB2404ADA300B24A15 /* PokemonViewCell.swift */ = {isa = PBXFileReference; lastKnownFileType = sourcecode.swift; path = PokemonViewCell.swift; sourceTree = "<group>"; };
		101047FD2404B75800B24A15 /* Localizable.strings */ = {isa = PBXFileReference; lastKnownFileType = text.plist.strings; path = Localizable.strings; sourceTree = "<group>"; };
		107ED13C23D003BA006D5615 /* Dexter.app */ = {isa = PBXFileReference; explicitFileType = wrapper.application; includeInIndex = 0; path = Dexter.app; sourceTree = BUILT_PRODUCTS_DIR; };
		107ED13F23D003BA006D5615 /* AppDelegate.swift */ = {isa = PBXFileReference; lastKnownFileType = sourcecode.swift; path = AppDelegate.swift; sourceTree = "<group>"; };
		107ED14523D003BC006D5615 /* Assets.xcassets */ = {isa = PBXFileReference; lastKnownFileType = folder.assetcatalog; path = Assets.xcassets; sourceTree = "<group>"; };
		107ED14D23D003BC006D5615 /* Info.plist */ = {isa = PBXFileReference; lastKnownFileType = text.plist.xml; path = Info.plist; sourceTree = "<group>"; };
		107ED15223D003BD006D5615 /* DexterTests.xctest */ = {isa = PBXFileReference; explicitFileType = wrapper.cfbundle; includeInIndex = 0; path = DexterTests.xctest; sourceTree = BUILT_PRODUCTS_DIR; };
		107ED15623D003BD006D5615 /* DexterTests.swift */ = {isa = PBXFileReference; lastKnownFileType = sourcecode.swift; path = DexterTests.swift; sourceTree = "<group>"; };
		107ED15823D003BD006D5615 /* Info.plist */ = {isa = PBXFileReference; lastKnownFileType = text.plist.xml; path = Info.plist; sourceTree = "<group>"; };
		107ED15D23D003BD006D5615 /* DexterUITests.xctest */ = {isa = PBXFileReference; explicitFileType = wrapper.cfbundle; includeInIndex = 0; path = DexterUITests.xctest; sourceTree = BUILT_PRODUCTS_DIR; };
		107ED16123D003BD006D5615 /* DexterUITests.swift */ = {isa = PBXFileReference; lastKnownFileType = sourcecode.swift; path = DexterUITests.swift; sourceTree = "<group>"; };
		107ED16323D003BD006D5615 /* Info.plist */ = {isa = PBXFileReference; lastKnownFileType = text.plist.xml; path = Info.plist; sourceTree = "<group>"; };
		107ED17023D00576006D5615 /* DexterShared.framework */ = {isa = PBXFileReference; lastKnownFileType = wrapper.framework; name = DexterShared.framework; path = "../shared/build/xcode-frameworks/DexterShared.framework"; sourceTree = "<group>"; };
		34DF00758044C45151CF3546 /* Pods-DexterTests.debug.xcconfig */ = {isa = PBXFileReference; includeInIndex = 1; lastKnownFileType = text.xcconfig; name = "Pods-DexterTests.debug.xcconfig"; path = "Pods/Target Support Files/Pods-DexterTests/Pods-DexterTests.debug.xcconfig"; sourceTree = "<group>"; };
		3A0EC9A596F6AB9D8EA8C6F8 /* Pods-DexterTests.release.xcconfig */ = {isa = PBXFileReference; includeInIndex = 1; lastKnownFileType = text.xcconfig; name = "Pods-DexterTests.release.xcconfig"; path = "Pods/Target Support Files/Pods-DexterTests/Pods-DexterTests.release.xcconfig"; sourceTree = "<group>"; };
		3A85894CDF79A0153351C213 /* Pods_Dexter.framework */ = {isa = PBXFileReference; explicitFileType = wrapper.framework; includeInIndex = 0; path = Pods_Dexter.framework; sourceTree = BUILT_PRODUCTS_DIR; };
		7BC2E838B880DA3F83A39322 /* Pods-DexterUITests.release.xcconfig */ = {isa = PBXFileReference; includeInIndex = 1; lastKnownFileType = text.xcconfig; name = "Pods-DexterUITests.release.xcconfig"; path = "Pods/Target Support Files/Pods-DexterUITests/Pods-DexterUITests.release.xcconfig"; sourceTree = "<group>"; };
		9B89AF802B0168BB8B62E36B /* Pods-Dexter.debug.xcconfig */ = {isa = PBXFileReference; includeInIndex = 1; lastKnownFileType = text.xcconfig; name = "Pods-Dexter.debug.xcconfig"; path = "Pods/Target Support Files/Pods-Dexter/Pods-Dexter.debug.xcconfig"; sourceTree = "<group>"; };
		A0C47493516B14C6D5B66845 /* Pods-DexterUITests.debug.xcconfig */ = {isa = PBXFileReference; includeInIndex = 1; lastKnownFileType = text.xcconfig; name = "Pods-DexterUITests.debug.xcconfig"; path = "Pods/Target Support Files/Pods-DexterUITests/Pods-DexterUITests.debug.xcconfig"; sourceTree = "<group>"; };
		D4FBB7833909ECB19C47A950 /* Pods_DexterTests.framework */ = {isa = PBXFileReference; explicitFileType = wrapper.framework; includeInIndex = 0; path = Pods_DexterTests.framework; sourceTree = BUILT_PRODUCTS_DIR; };
		DD3488D19EF9FB8E8862055C /* Pods-Dexter.release.xcconfig */ = {isa = PBXFileReference; includeInIndex = 1; lastKnownFileType = text.xcconfig; name = "Pods-Dexter.release.xcconfig"; path = "Pods/Target Support Files/Pods-Dexter/Pods-Dexter.release.xcconfig"; sourceTree = "<group>"; };
		E1A59BC07A275DF0202C1A9F /* Pods_DexterUITests.framework */ = {isa = PBXFileReference; explicitFileType = wrapper.framework; includeInIndex = 0; path = Pods_DexterUITests.framework; sourceTree = BUILT_PRODUCTS_DIR; };
/* End PBXFileReference section */

/* Begin PBXFrameworksBuildPhase section */
		107ED13923D003BA006D5615 /* Frameworks */ = {
			isa = PBXFrameworksBuildPhase;
			buildActionMask = 2147483647;
			files = (
				107ED17423D00652006D5615 /* DexterShared.framework in Frameworks */,
				BFB1E625BC94C0FA7DE87056 /* Pods_Dexter.framework in Frameworks */,
			);
			runOnlyForDeploymentPostprocessing = 0;
		};
		107ED14F23D003BD006D5615 /* Frameworks */ = {
			isa = PBXFrameworksBuildPhase;
			buildActionMask = 2147483647;
			files = (
				902B45BA2A1C7959DA5BA834 /* Pods_DexterTests.framework in Frameworks */,
			);
			runOnlyForDeploymentPostprocessing = 0;
		};
		107ED15A23D003BD006D5615 /* Frameworks */ = {
			isa = PBXFrameworksBuildPhase;
			buildActionMask = 2147483647;
			files = (
				0F82CC006E950603AEC8B5E8 /* Pods_DexterUITests.framework in Frameworks */,
			);
			runOnlyForDeploymentPostprocessing = 0;
		};
/* End PBXFrameworksBuildPhase section */

/* Begin PBXGroup section */
		101047F42404A9E900B24A15 /* Assets */ = {
			isa = PBXGroup;
			children = (
				107ED14523D003BC006D5615 /* Assets.xcassets */,
				101047F22404A93E00B24A15 /* Constants.swift */,
				101047F52404AA2B00B24A15 /* Colors.swift */,
				101047FD2404B75800B24A15 /* Localizable.strings */,
			);
			path = Assets;
			sourceTree = "<group>";
		};
		107ED13323D003BA006D5615 = {
			isa = PBXGroup;
			children = (
				107ED13E23D003BA006D5615 /* Dexter */,
				107ED15523D003BD006D5615 /* DexterTests */,
				107ED16023D003BD006D5615 /* DexterUITests */,
				107ED13D23D003BA006D5615 /* Products */,
				107ED16F23D00576006D5615 /* Frameworks */,
				C6B48879852722842F0341FC /* Pods */,
			);
			sourceTree = "<group>";
		};
		107ED13D23D003BA006D5615 /* Products */ = {
			isa = PBXGroup;
			children = (
				107ED13C23D003BA006D5615 /* Dexter.app */,
				107ED15223D003BD006D5615 /* DexterTests.xctest */,
				107ED15D23D003BD006D5615 /* DexterUITests.xctest */,
			);
			name = Products;
			sourceTree = "<group>";
		};
		107ED13E23D003BA006D5615 /* Dexter */ = {
			isa = PBXGroup;
			children = (
				107ED14D23D003BC006D5615 /* Info.plist */,
				107ED13F23D003BA006D5615 /* AppDelegate.swift */,
				101047EE2404A13500B24A15 /* MainViewController.swift */,
				101047F72404AC0500B24A15 /* MainViewController+Layout.swift */,
				101047F92404AC8400B24A15 /* MainViewController+View.swift */,
				101047FB2404ADA300B24A15 /* PokemonViewCell.swift */,
				101047F02404A78900B24A15 /* ImageExtensions.swift */,
				101047F42404A9E900B24A15 /* Assets */,
			);
			path = Dexter;
			sourceTree = "<group>";
		};
		107ED15523D003BD006D5615 /* DexterTests */ = {
			isa = PBXGroup;
			children = (
				107ED15623D003BD006D5615 /* DexterTests.swift */,
				107ED15823D003BD006D5615 /* Info.plist */,
			);
			path = DexterTests;
			sourceTree = "<group>";
		};
		107ED16023D003BD006D5615 /* DexterUITests */ = {
			isa = PBXGroup;
			children = (
				107ED16123D003BD006D5615 /* DexterUITests.swift */,
				107ED16323D003BD006D5615 /* Info.plist */,
			);
			path = DexterUITests;
			sourceTree = "<group>";
		};
		107ED16F23D00576006D5615 /* Frameworks */ = {
			isa = PBXGroup;
			children = (
				107ED17023D00576006D5615 /* DexterShared.framework */,
				3A85894CDF79A0153351C213 /* Pods_Dexter.framework */,
				D4FBB7833909ECB19C47A950 /* Pods_DexterTests.framework */,
				E1A59BC07A275DF0202C1A9F /* Pods_DexterUITests.framework */,
			);
			name = Frameworks;
			sourceTree = "<group>";
		};
		C6B48879852722842F0341FC /* Pods */ = {
			isa = PBXGroup;
			children = (
				9B89AF802B0168BB8B62E36B /* Pods-Dexter.debug.xcconfig */,
				DD3488D19EF9FB8E8862055C /* Pods-Dexter.release.xcconfig */,
				34DF00758044C45151CF3546 /* Pods-DexterTests.debug.xcconfig */,
				3A0EC9A596F6AB9D8EA8C6F8 /* Pods-DexterTests.release.xcconfig */,
				A0C47493516B14C6D5B66845 /* Pods-DexterUITests.debug.xcconfig */,
				7BC2E838B880DA3F83A39322 /* Pods-DexterUITests.release.xcconfig */,
			);
			name = Pods;
			sourceTree = "<group>";
		};
/* End PBXGroup section */

/* Begin PBXNativeTarget section */
		107ED13B23D003BA006D5615 /* Dexter */ = {
			isa = PBXNativeTarget;
			buildConfigurationList = 107ED16623D003BD006D5615 /* Build configuration list for PBXNativeTarget "Dexter" */;
			buildPhases = (
				75F84032C72807A816894D55 /* [CP] Check Pods Manifest.lock */,
				107ED17723D0071D006D5615 /* ShellScript */,
				107ED13823D003BA006D5615 /* Sources */,
				107ED13923D003BA006D5615 /* Frameworks */,
				107ED13A23D003BA006D5615 /* Resources */,
				107ED17623D00652006D5615 /* Embed Frameworks */,
				2CE7227D2D3E62503A3FF57F /* [CP] Embed Pods Frameworks */,
			);
			buildRules = (
			);
			dependencies = (
			);
			name = Dexter;
			productName = Dexter;
			productReference = 107ED13C23D003BA006D5615 /* Dexter.app */;
			productType = "com.apple.product-type.application";
		};
		107ED15123D003BD006D5615 /* DexterTests */ = {
			isa = PBXNativeTarget;
			buildConfigurationList = 107ED16923D003BD006D5615 /* Build configuration list for PBXNativeTarget "DexterTests" */;
			buildPhases = (
				2AF87FEEE08660C00CAE671A /* [CP] Check Pods Manifest.lock */,
				107ED14E23D003BD006D5615 /* Sources */,
				107ED14F23D003BD006D5615 /* Frameworks */,
				107ED15023D003BD006D5615 /* Resources */,
			);
			buildRules = (
			);
			dependencies = (
				107ED15423D003BD006D5615 /* PBXTargetDependency */,
			);
			name = DexterTests;
			productName = DexterTests;
			productReference = 107ED15223D003BD006D5615 /* DexterTests.xctest */;
			productType = "com.apple.product-type.bundle.unit-test";
		};
		107ED15C23D003BD006D5615 /* DexterUITests */ = {
			isa = PBXNativeTarget;
			buildConfigurationList = 107ED16C23D003BD006D5615 /* Build configuration list for PBXNativeTarget "DexterUITests" */;
			buildPhases = (
				3973EADA869749A0C70E58B7 /* [CP] Check Pods Manifest.lock */,
				107ED15923D003BD006D5615 /* Sources */,
				107ED15A23D003BD006D5615 /* Frameworks */,
				107ED15B23D003BD006D5615 /* Resources */,
			);
			buildRules = (
			);
			dependencies = (
				107ED15F23D003BD006D5615 /* PBXTargetDependency */,
			);
			name = DexterUITests;
			productName = DexterUITests;
			productReference = 107ED15D23D003BD006D5615 /* DexterUITests.xctest */;
			productType = "com.apple.product-type.bundle.ui-testing";
		};
/* End PBXNativeTarget section */

/* Begin PBXProject section */
		107ED13423D003BA006D5615 /* Project object */ = {
			isa = PBXProject;
			attributes = {
				LastSwiftUpdateCheck = 1130;
				LastUpgradeCheck = 1130;
				ORGANIZATIONNAME = "Max Cruz";
				TargetAttributes = {
					107ED13B23D003BA006D5615 = {
						CreatedOnToolsVersion = 11.3;
					};
					107ED15123D003BD006D5615 = {
						CreatedOnToolsVersion = 11.3;
						TestTargetID = 107ED13B23D003BA006D5615;
					};
					107ED15C23D003BD006D5615 = {
						CreatedOnToolsVersion = 11.3;
						TestTargetID = 107ED13B23D003BA006D5615;
					};
				};
			};
			buildConfigurationList = 107ED13723D003BA006D5615 /* Build configuration list for PBXProject "Dexter" */;
			compatibilityVersion = "Xcode 9.3";
			developmentRegion = en;
			hasScannedForEncodings = 0;
			knownRegions = (
				en,
				Base,
			);
			mainGroup = 107ED13323D003BA006D5615;
			productRefGroup = 107ED13D23D003BA006D5615 /* Products */;
			projectDirPath = "";
			projectRoot = "";
			targets = (
				107ED13B23D003BA006D5615 /* Dexter */,
				107ED15123D003BD006D5615 /* DexterTests */,
				107ED15C23D003BD006D5615 /* DexterUITests */,
			);
		};
/* End PBXProject section */

/* Begin PBXResourcesBuildPhase section */
		107ED13A23D003BA006D5615 /* Resources */ = {
			isa = PBXResourcesBuildPhase;
			buildActionMask = 2147483647;
			files = (
				107ED14623D003BC006D5615 /* Assets.xcassets in Resources */,
				101047FE2404B75800B24A15 /* Localizable.strings in Resources */,
			);
			runOnlyForDeploymentPostprocessing = 0;
		};
		107ED15023D003BD006D5615 /* Resources */ = {
			isa = PBXResourcesBuildPhase;
			buildActionMask = 2147483647;
			files = (
			);
			runOnlyForDeploymentPostprocessing = 0;
		};
		107ED15B23D003BD006D5615 /* Resources */ = {
			isa = PBXResourcesBuildPhase;
			buildActionMask = 2147483647;
			files = (
			);
			runOnlyForDeploymentPostprocessing = 0;
		};
/* End PBXResourcesBuildPhase section */

/* Begin PBXShellScriptBuildPhase section */
		107ED17723D0071D006D5615 /* ShellScript */ = {
			isa = PBXShellScriptBuildPhase;
			buildActionMask = 2147483647;
			files = (
			);
			inputFileListPaths = (
			);
			inputPaths = (
			);
			outputFileListPaths = (
			);
			outputPaths = (
			);
			runOnlyForDeploymentPostprocessing = 0;
			shellPath = /bin/sh;
			shellScript = "cd \"$SRCROOT/../shared/build/xcode-frameworks\"\n./gradlew :shared:packForXCode -PXCODE_CONFIGURATION=${CONFIGURATION}\n";
		};
		2AF87FEEE08660C00CAE671A /* [CP] Check Pods Manifest.lock */ = {
			isa = PBXShellScriptBuildPhase;
			buildActionMask = 2147483647;
			files = (
			);
			inputFileListPaths = (
			);
			inputPaths = (
				"${PODS_PODFILE_DIR_PATH}/Podfile.lock",
				"${PODS_ROOT}/Manifest.lock",
			);
			name = "[CP] Check Pods Manifest.lock";
			outputFileListPaths = (
			);
			outputPaths = (
				"$(DERIVED_FILE_DIR)/Pods-DexterTests-checkManifestLockResult.txt",
			);
			runOnlyForDeploymentPostprocessing = 0;
			shellPath = /bin/sh;
			shellScript = "diff \"${PODS_PODFILE_DIR_PATH}/Podfile.lock\" \"${PODS_ROOT}/Manifest.lock\" > /dev/null\nif [ $? != 0 ] ; then\n    # print error to STDERR\n    echo \"error: The sandbox is not in sync with the Podfile.lock. Run 'pod install' or update your CocoaPods installation.\" >&2\n    exit 1\nfi\n# This output is used by Xcode 'outputs' to avoid re-running this script phase.\necho \"SUCCESS\" > \"${SCRIPT_OUTPUT_FILE_0}\"\n";
			showEnvVarsInLog = 0;
		};
		2CE7227D2D3E62503A3FF57F /* [CP] Embed Pods Frameworks */ = {
			isa = PBXShellScriptBuildPhase;
			buildActionMask = 2147483647;
			files = (
			);
			inputFileListPaths = (
			);
			inputPaths = (
				"${SRCROOT}/Pods/Target Support Files/Pods-Dexter/Pods-Dexter-frameworks.sh",
				"${BUILT_PRODUCTS_DIR}/Kingfisher/Kingfisher.framework",
				"${BUILT_PRODUCTS_DIR}/MDFInternationalization/MDFInternationalization.framework",
				"${BUILT_PRODUCTS_DIR}/MDFTextAccessibility/MDFTextAccessibility.framework",
				"${BUILT_PRODUCTS_DIR}/MaterialComponents/MaterialComponents.framework",
				"${BUILT_PRODUCTS_DIR}/MotionAnimator/MotionAnimator.framework",
				"${BUILT_PRODUCTS_DIR}/MotionInterchange/MotionInterchange.framework",
			);
			name = "[CP] Embed Pods Frameworks";
			outputFileListPaths = (
			);
			outputPaths = (
				"${TARGET_BUILD_DIR}/${FRAMEWORKS_FOLDER_PATH}/Kingfisher.framework",
				"${TARGET_BUILD_DIR}/${FRAMEWORKS_FOLDER_PATH}/MDFInternationalization.framework",
				"${TARGET_BUILD_DIR}/${FRAMEWORKS_FOLDER_PATH}/MDFTextAccessibility.framework",
				"${TARGET_BUILD_DIR}/${FRAMEWORKS_FOLDER_PATH}/MaterialComponents.framework",
				"${TARGET_BUILD_DIR}/${FRAMEWORKS_FOLDER_PATH}/MotionAnimator.framework",
				"${TARGET_BUILD_DIR}/${FRAMEWORKS_FOLDER_PATH}/MotionInterchange.framework",
			);
			runOnlyForDeploymentPostprocessing = 0;
			shellPath = /bin/sh;
			shellScript = "\"${SRCROOT}/Pods/Target Support Files/Pods-Dexter/Pods-Dexter-frameworks.sh\"\n";
			showEnvVarsInLog = 0;
		};
		3973EADA869749A0C70E58B7 /* [CP] Check Pods Manifest.lock */ = {
			isa = PBXShellScriptBuildPhase;
			buildActionMask = 2147483647;
			files = (
			);
			inputFileListPaths = (
			);
			inputPaths = (
				"${PODS_PODFILE_DIR_PATH}/Podfile.lock",
				"${PODS_ROOT}/Manifest.lock",
			);
			name = "[CP] Check Pods Manifest.lock";
			outputFileListPaths = (
			);
			outputPaths = (
				"$(DERIVED_FILE_DIR)/Pods-DexterUITests-checkManifestLockResult.txt",
			);
			runOnlyForDeploymentPostprocessing = 0;
			shellPath = /bin/sh;
			shellScript = "diff \"${PODS_PODFILE_DIR_PATH}/Podfile.lock\" \"${PODS_ROOT}/Manifest.lock\" > /dev/null\nif [ $? != 0 ] ; then\n    # print error to STDERR\n    echo \"error: The sandbox is not in sync with the Podfile.lock. Run 'pod install' or update your CocoaPods installation.\" >&2\n    exit 1\nfi\n# This output is used by Xcode 'outputs' to avoid re-running this script phase.\necho \"SUCCESS\" > \"${SCRIPT_OUTPUT_FILE_0}\"\n";
			showEnvVarsInLog = 0;
		};
		75F84032C72807A816894D55 /* [CP] Check Pods Manifest.lock */ = {
			isa = PBXShellScriptBuildPhase;
			buildActionMask = 2147483647;
			files = (
			);
			inputFileListPaths = (
			);
			inputPaths = (
				"${PODS_PODFILE_DIR_PATH}/Podfile.lock",
				"${PODS_ROOT}/Manifest.lock",
			);
			name = "[CP] Check Pods Manifest.lock";
			outputFileListPaths = (
			);
			outputPaths = (
				"$(DERIVED_FILE_DIR)/Pods-Dexter-checkManifestLockResult.txt",
			);
			runOnlyForDeploymentPostprocessing = 0;
			shellPath = /bin/sh;
			shellScript = "diff \"${PODS_PODFILE_DIR_PATH}/Podfile.lock\" \"${PODS_ROOT}/Manifest.lock\" > /dev/null\nif [ $? != 0 ] ; then\n    # print error to STDERR\n    echo \"error: The sandbox is not in sync with the Podfile.lock. Run 'pod install' or update your CocoaPods installation.\" >&2\n    exit 1\nfi\n# This output is used by Xcode 'outputs' to avoid re-running this script phase.\necho \"SUCCESS\" > \"${SCRIPT_OUTPUT_FILE_0}\"\n";
			showEnvVarsInLog = 0;
		};
/* End PBXShellScriptBuildPhase section */

/* Begin PBXSourcesBuildPhase section */
		107ED13823D003BA006D5615 /* Sources */ = {
			isa = PBXSourcesBuildPhase;
			buildActionMask = 2147483647;
			files = (
				101047FA2404AC8400B24A15 /* MainViewController+View.swift in Sources */,
				101047F12404A78900B24A15 /* ImageExtensions.swift in Sources */,
				101047F62404AA2B00B24A15 /* Colors.swift in Sources */,
				107ED14023D003BA006D5615 /* AppDelegate.swift in Sources */,
				101047FC2404ADA300B24A15 /* PokemonViewCell.swift in Sources */,
				101047EF2404A13500B24A15 /* MainViewController.swift in Sources */,
				101047F32404A93E00B24A15 /* Constants.swift in Sources */,
				101047F82404AC0500B24A15 /* MainViewController+Layout.swift in Sources */,
			);
			runOnlyForDeploymentPostprocessing = 0;
		};
		107ED14E23D003BD006D5615 /* Sources */ = {
			isa = PBXSourcesBuildPhase;
			buildActionMask = 2147483647;
			files = (
				107ED15723D003BD006D5615 /* DexterTests.swift in Sources */,
			);
			runOnlyForDeploymentPostprocessing = 0;
		};
		107ED15923D003BD006D5615 /* Sources */ = {
			isa = PBXSourcesBuildPhase;
			buildActionMask = 2147483647;
			files = (
				107ED16223D003BD006D5615 /* DexterUITests.swift in Sources */,
			);
			runOnlyForDeploymentPostprocessing = 0;
		};
/* End PBXSourcesBuildPhase section */

/* Begin PBXTargetDependency section */
		107ED15423D003BD006D5615 /* PBXTargetDependency */ = {
			isa = PBXTargetDependency;
			target = 107ED13B23D003BA006D5615 /* Dexter */;
			targetProxy = 107ED15323D003BD006D5615 /* PBXContainerItemProxy */;
		};
		107ED15F23D003BD006D5615 /* PBXTargetDependency */ = {
			isa = PBXTargetDependency;
			target = 107ED13B23D003BA006D5615 /* Dexter */;
			targetProxy = 107ED15E23D003BD006D5615 /* PBXContainerItemProxy */;
		};
/* End PBXTargetDependency section */

/* Begin XCBuildConfiguration section */
		107ED16423D003BD006D5615 /* Debug */ = {
			isa = XCBuildConfiguration;
			buildSettings = {
				ALWAYS_SEARCH_USER_PATHS = NO;
				CLANG_ANALYZER_NONNULL = YES;
				CLANG_ANALYZER_NUMBER_OBJECT_CONVERSION = YES_AGGRESSIVE;
				CLANG_CXX_LANGUAGE_STANDARD = "gnu++14";
				CLANG_CXX_LIBRARY = "libc++";
				CLANG_ENABLE_MODULES = YES;
				CLANG_ENABLE_OBJC_ARC = YES;
				CLANG_ENABLE_OBJC_WEAK = YES;
				CLANG_WARN_BLOCK_CAPTURE_AUTORELEASING = YES;
				CLANG_WARN_BOOL_CONVERSION = YES;
				CLANG_WARN_COMMA = YES;
				CLANG_WARN_CONSTANT_CONVERSION = YES;
				CLANG_WARN_DEPRECATED_OBJC_IMPLEMENTATIONS = YES;
				CLANG_WARN_DIRECT_OBJC_ISA_USAGE = YES_ERROR;
				CLANG_WARN_DOCUMENTATION_COMMENTS = YES;
				CLANG_WARN_EMPTY_BODY = YES;
				CLANG_WARN_ENUM_CONVERSION = YES;
				CLANG_WARN_INFINITE_RECURSION = YES;
				CLANG_WARN_INT_CONVERSION = YES;
				CLANG_WARN_NON_LITERAL_NULL_CONVERSION = YES;
				CLANG_WARN_OBJC_IMPLICIT_RETAIN_SELF = YES;
				CLANG_WARN_OBJC_LITERAL_CONVERSION = YES;
				CLANG_WARN_OBJC_ROOT_CLASS = YES_ERROR;
				CLANG_WARN_RANGE_LOOP_ANALYSIS = YES;
				CLANG_WARN_STRICT_PROTOTYPES = YES;
				CLANG_WARN_SUSPICIOUS_MOVE = YES;
				CLANG_WARN_UNGUARDED_AVAILABILITY = YES_AGGRESSIVE;
				CLANG_WARN_UNREACHABLE_CODE = YES;
				CLANG_WARN__DUPLICATE_METHOD_MATCH = YES;
				COPY_PHASE_STRIP = NO;
				DEBUG_INFORMATION_FORMAT = dwarf;
				ENABLE_STRICT_OBJC_MSGSEND = YES;
				ENABLE_TESTABILITY = YES;
				GCC_C_LANGUAGE_STANDARD = gnu11;
				GCC_DYNAMIC_NO_PIC = NO;
				GCC_NO_COMMON_BLOCKS = YES;
				GCC_OPTIMIZATION_LEVEL = 0;
				GCC_PREPROCESSOR_DEFINITIONS = (
					"DEBUG=1",
					"$(inherited)",
				);
				GCC_WARN_64_TO_32_BIT_CONVERSION = YES;
				GCC_WARN_ABOUT_RETURN_TYPE = YES_ERROR;
				GCC_WARN_UNDECLARED_SELECTOR = YES;
				GCC_WARN_UNINITIALIZED_AUTOS = YES_AGGRESSIVE;
				GCC_WARN_UNUSED_FUNCTION = YES;
				GCC_WARN_UNUSED_VARIABLE = YES;
				IPHONEOS_DEPLOYMENT_TARGET = 13.2;
				MTL_ENABLE_DEBUG_INFO = INCLUDE_SOURCE;
				MTL_FAST_MATH = YES;
				ONLY_ACTIVE_ARCH = YES;
				SDKROOT = iphoneos;
				SWIFT_ACTIVE_COMPILATION_CONDITIONS = DEBUG;
				SWIFT_OPTIMIZATION_LEVEL = "-Onone";
			};
			name = Debug;
		};
		107ED16523D003BD006D5615 /* Release */ = {
			isa = XCBuildConfiguration;
			buildSettings = {
				ALWAYS_SEARCH_USER_PATHS = NO;
				CLANG_ANALYZER_NONNULL = YES;
				CLANG_ANALYZER_NUMBER_OBJECT_CONVERSION = YES_AGGRESSIVE;
				CLANG_CXX_LANGUAGE_STANDARD = "gnu++14";
				CLANG_CXX_LIBRARY = "libc++";
				CLANG_ENABLE_MODULES = YES;
				CLANG_ENABLE_OBJC_ARC = YES;
				CLANG_ENABLE_OBJC_WEAK = YES;
				CLANG_WARN_BLOCK_CAPTURE_AUTORELEASING = YES;
				CLANG_WARN_BOOL_CONVERSION = YES;
				CLANG_WARN_COMMA = YES;
				CLANG_WARN_CONSTANT_CONVERSION = YES;
				CLANG_WARN_DEPRECATED_OBJC_IMPLEMENTATIONS = YES;
				CLANG_WARN_DIRECT_OBJC_ISA_USAGE = YES_ERROR;
				CLANG_WARN_DOCUMENTATION_COMMENTS = YES;
				CLANG_WARN_EMPTY_BODY = YES;
				CLANG_WARN_ENUM_CONVERSION = YES;
				CLANG_WARN_INFINITE_RECURSION = YES;
				CLANG_WARN_INT_CONVERSION = YES;
				CLANG_WARN_NON_LITERAL_NULL_CONVERSION = YES;
				CLANG_WARN_OBJC_IMPLICIT_RETAIN_SELF = YES;
				CLANG_WARN_OBJC_LITERAL_CONVERSION = YES;
				CLANG_WARN_OBJC_ROOT_CLASS = YES_ERROR;
				CLANG_WARN_RANGE_LOOP_ANALYSIS = YES;
				CLANG_WARN_STRICT_PROTOTYPES = YES;
				CLANG_WARN_SUSPICIOUS_MOVE = YES;
				CLANG_WARN_UNGUARDED_AVAILABILITY = YES_AGGRESSIVE;
				CLANG_WARN_UNREACHABLE_CODE = YES;
				CLANG_WARN__DUPLICATE_METHOD_MATCH = YES;
				COPY_PHASE_STRIP = NO;
				DEBUG_INFORMATION_FORMAT = "dwarf-with-dsym";
				ENABLE_NS_ASSERTIONS = NO;
				ENABLE_STRICT_OBJC_MSGSEND = YES;
				GCC_C_LANGUAGE_STANDARD = gnu11;
				GCC_NO_COMMON_BLOCKS = YES;
				GCC_WARN_64_TO_32_BIT_CONVERSION = YES;
				GCC_WARN_ABOUT_RETURN_TYPE = YES_ERROR;
				GCC_WARN_UNDECLARED_SELECTOR = YES;
				GCC_WARN_UNINITIALIZED_AUTOS = YES_AGGRESSIVE;
				GCC_WARN_UNUSED_FUNCTION = YES;
				GCC_WARN_UNUSED_VARIABLE = YES;
				IPHONEOS_DEPLOYMENT_TARGET = 13.2;
				MTL_ENABLE_DEBUG_INFO = NO;
				MTL_FAST_MATH = YES;
				SDKROOT = iphoneos;
				SWIFT_COMPILATION_MODE = wholemodule;
				SWIFT_OPTIMIZATION_LEVEL = "-O";
				VALIDATE_PRODUCT = YES;
			};
			name = Release;
		};
		107ED16723D003BD006D5615 /* Debug */ = {
			isa = XCBuildConfiguration;
			baseConfigurationReference = 9B89AF802B0168BB8B62E36B /* Pods-Dexter.debug.xcconfig */;
			buildSettings = {
				ASSETCATALOG_COMPILER_APPICON_NAME = AppIcon;
				CODE_SIGN_STYLE = Automatic;
				DEVELOPMENT_ASSET_PATHS = "\"Dexter/Preview Content\"";
				DEVELOPMENT_TEAM = 5BSP22BL97;
				ENABLE_PREVIEWS = YES;
				FRAMEWORK_SEARCH_PATHS = (
					"$(SRCROOT)/../shared/build/xcode-frameworks",
					"$(inherited)",
				);
				INFOPLIST_FILE = Dexter/Info.plist;
				LD_RUNPATH_SEARCH_PATHS = (
					"$(inherited)",
					"@executable_path/Frameworks",
				);
				PRODUCT_BUNDLE_IDENTIFIER = com.example.Dexter;
				PRODUCT_NAME = "$(TARGET_NAME)";
				SWIFT_VERSION = 5.0;
				TARGETED_DEVICE_FAMILY = 1;
			};
			name = Debug;
		};
		107ED16823D003BD006D5615 /* Release */ = {
			isa = XCBuildConfiguration;
			baseConfigurationReference = DD3488D19EF9FB8E8862055C /* Pods-Dexter.release.xcconfig */;
			buildSettings = {
				ASSETCATALOG_COMPILER_APPICON_NAME = AppIcon;
				CODE_SIGN_STYLE = Automatic;
				DEVELOPMENT_ASSET_PATHS = "\"Dexter/Preview Content\"";
				DEVELOPMENT_TEAM = 5BSP22BL97;
				ENABLE_PREVIEWS = YES;
				FRAMEWORK_SEARCH_PATHS = (
					"$(SRCROOT)/../shared/build/xcode-frameworks",
					"$(inherited)",
				);
				INFOPLIST_FILE = Dexter/Info.plist;
				LD_RUNPATH_SEARCH_PATHS = (
					"$(inherited)",
					"@executable_path/Frameworks",
				);
				PRODUCT_BUNDLE_IDENTIFIER = com.example.Dexter;
				PRODUCT_NAME = "$(TARGET_NAME)";
				SWIFT_VERSION = 5.0;
				TARGETED_DEVICE_FAMILY = 1;
			};
			name = Release;
		};
		107ED16A23D003BD006D5615 /* Debug */ = {
			isa = XCBuildConfiguration;
			baseConfigurationReference = 34DF00758044C45151CF3546 /* Pods-DexterTests.debug.xcconfig */;
			buildSettings = {
				ALWAYS_EMBED_SWIFT_STANDARD_LIBRARIES = YES;
				BUNDLE_LOADER = "$(TEST_HOST)";
				CODE_SIGN_STYLE = Automatic;
				DEVELOPMENT_TEAM = 5BSP22BL97;
				INFOPLIST_FILE = DexterTests/Info.plist;
				IPHONEOS_DEPLOYMENT_TARGET = 13.2;
				LD_RUNPATH_SEARCH_PATHS = (
					"$(inherited)",
					"@executable_path/Frameworks",
					"@loader_path/Frameworks",
				);
				PRODUCT_BUNDLE_IDENTIFIER = com.example.DexterTests;
				PRODUCT_NAME = "$(TARGET_NAME)";
				SWIFT_VERSION = 5.0;
				TARGETED_DEVICE_FAMILY = "1,2";
				TEST_HOST = "$(BUILT_PRODUCTS_DIR)/Dexter.app/Dexter";
			};
			name = Debug;
		};
		107ED16B23D003BD006D5615 /* Release */ = {
			isa = XCBuildConfiguration;
			baseConfigurationReference = 3A0EC9A596F6AB9D8EA8C6F8 /* Pods-DexterTests.release.xcconfig */;
			buildSettings = {
				ALWAYS_EMBED_SWIFT_STANDARD_LIBRARIES = YES;
				BUNDLE_LOADER = "$(TEST_HOST)";
				CODE_SIGN_STYLE = Automatic;
				DEVELOPMENT_TEAM = 5BSP22BL97;
				INFOPLIST_FILE = DexterTests/Info.plist;
				IPHONEOS_DEPLOYMENT_TARGET = 13.2;
				LD_RUNPATH_SEARCH_PATHS = (
					"$(inherited)",
					"@executable_path/Frameworks",
					"@loader_path/Frameworks",
				);
				PRODUCT_BUNDLE_IDENTIFIER = com.example.DexterTests;
				PRODUCT_NAME = "$(TARGET_NAME)";
				SWIFT_VERSION = 5.0;
				TARGETED_DEVICE_FAMILY = "1,2";
				TEST_HOST = "$(BUILT_PRODUCTS_DIR)/Dexter.app/Dexter";
			};
			name = Release;
		};
		107ED16D23D003BD006D5615 /* Debug */ = {
			isa = XCBuildConfiguration;
			baseConfigurationReference = A0C47493516B14C6D5B66845 /* Pods-DexterUITests.debug.xcconfig */;
			buildSettings = {
				ALWAYS_EMBED_SWIFT_STANDARD_LIBRARIES = YES;
				CODE_SIGN_STYLE = Automatic;
				DEVELOPMENT_TEAM = 5BSP22BL97;
				INFOPLIST_FILE = DexterUITests/Info.plist;
				LD_RUNPATH_SEARCH_PATHS = (
					"$(inherited)",
					"@executable_path/Frameworks",
					"@loader_path/Frameworks",
				);
				PRODUCT_BUNDLE_IDENTIFIER = com.example.DexterUITests;
				PRODUCT_NAME = "$(TARGET_NAME)";
				SWIFT_VERSION = 5.0;
				TARGETED_DEVICE_FAMILY = "1,2";
				TEST_TARGET_NAME = Dexter;
			};
			name = Debug;
		};
		107ED16E23D003BD006D5615 /* Release */ = {
			isa = XCBuildConfiguration;
			baseConfigurationReference = 7BC2E838B880DA3F83A39322 /* Pods-DexterUITests.release.xcconfig */;
			buildSettings = {
				ALWAYS_EMBED_SWIFT_STANDARD_LIBRARIES = YES;
				CODE_SIGN_STYLE = Automatic;
				DEVELOPMENT_TEAM = 5BSP22BL97;
				INFOPLIST_FILE = DexterUITests/Info.plist;
				LD_RUNPATH_SEARCH_PATHS = (
					"$(inherited)",
					"@executable_path/Frameworks",
					"@loader_path/Frameworks",
				);
				PRODUCT_BUNDLE_IDENTIFIER = com.example.DexterUITests;
				PRODUCT_NAME = "$(TARGET_NAME)";
				SWIFT_VERSION = 5.0;
				TARGETED_DEVICE_FAMILY = "1,2";
				TEST_TARGET_NAME = Dexter;
			};
			name = Release;
		};
/* End XCBuildConfiguration section */

/* Begin XCConfigurationList section */
		107ED13723D003BA006D5615 /* Build configuration list for PBXProject "Dexter" */ = {
			isa = XCConfigurationList;
			buildConfigurations = (
				107ED16423D003BD006D5615 /* Debug */,
				107ED16523D003BD006D5615 /* Release */,
			);
			defaultConfigurationIsVisible = 0;
			defaultConfigurationName = Release;
		};
		107ED16623D003BD006D5615 /* Build configuration list for PBXNativeTarget "Dexter" */ = {
			isa = XCConfigurationList;
			buildConfigurations = (
				107ED16723D003BD006D5615 /* Debug */,
				107ED16823D003BD006D5615 /* Release */,
			);
			defaultConfigurationIsVisible = 0;
			defaultConfigurationName = Release;
		};
		107ED16923D003BD006D5615 /* Build configuration list for PBXNativeTarget "DexterTests" */ = {
			isa = XCConfigurationList;
			buildConfigurations = (
				107ED16A23D003BD006D5615 /* Debug */,
				107ED16B23D003BD006D5615 /* Release */,
			);
			defaultConfigurationIsVisible = 0;
			defaultConfigurationName = Release;
		};
		107ED16C23D003BD006D5615 /* Build configuration list for PBXNativeTarget "DexterUITests" */ = {
			isa = XCConfigurationList;
			buildConfigurations = (
				107ED16D23D003BD006D5615 /* Debug */,
				107ED16E23D003BD006D5615 /* Release */,
			);
			defaultConfigurationIsVisible = 0;
			defaultConfigurationName = Release;
		};
/* End XCConfigurationList section */
	};
	rootObject = 107ED13423D003BA006D5615 /* Project object */;
}
